
Microsoft Visual Studio Solution File, Format Version 12.00
# Visual Studio Version 17
VisualStudioVersion = 17.9.34607.119
MinimumVisualStudioVersion = 10.0.40219.1
Project("{FAE04EC0-301F-11D3-BF4B-00C04F79EFBC}") = "ConsoleApp1", "ConsoleApp1\ConsoleApp1.csproj", "{FCEE5C22-F883-4C20-A285-8BE0547AD0D6}"
EndProject
Global
	GlobalSection(SolutionConfigurationPlatforms) = preSolution
		Debug|Any CPU = Debug|Any CPU
		Release|Any CPU = Release|Any CPU
	EndGlobalSection
	GlobalSection(ProjectConfigurationPlatforms) = postSolution
		{FCEE5C22-F883-4C20-A285-8BE0547AD0D6}.Debug|Any CPU.ActiveCfg = Debug|Any CPU
		{FCEE5C22-F883-4C20-A285-8BE0547AD0D6}.Debug|Any CPU.Build.0 = Debug|Any CPU
		{FCEE5C22-F883-4C20-A285-8BE0547AD0D6}.Release|Any CPU.ActiveCfg = Release|Any CPU
		{FCEE5C22-F883-4C20-A285-8BE0547AD0D6}.Release|Any CPU.Build.0 = Release|Any CPU
	EndGlobalSection
	GlobalSection(SolutionProperties) = preSolution
		HideSolutionNode = FALSE
	EndGlobalSection
	GlobalSection(ExtensibilityGlobals) = postSolution
		SolutionGuid = {66E3252D-F552-45F5-AACD-FEE930D85FAD}
	EndGlobalSection
EndGlobal
